
Microsoft Visual Studio Solution File, Format Version 12.00
# Visual Studio Version 17
VisualStudioVersion = 17.1.32407.343
MinimumVisualStudioVersion = 10.0.40219.1
Project("{9A19103F-16F7-4668-BE54-9A1E7A4F7556}") = "CustomerApp", "CustomerApp.csproj", "{73880F3B-1BE4-40A9-9451-32948AA101C3}"
EndProject
Project("{9A19103F-16F7-4668-BE54-9A1E7A4F7556}") = "RestaurentApp", "..\OwnerApp\RestaurentApp.csproj", "{3578BC79-5DAF-4161-9C8E-21C5AE0648F5}"
EndProject
Global
	GlobalSection(SolutionConfigurationPlatforms) = preSolution
		Debug|Any CPU = Debug|Any CPU
		Release|Any CPU = Release|Any CPU
	EndGlobalSection
	GlobalSection(ProjectConfigurationPlatforms) = postSolution
		{73880F3B-1BE4-40A9-9451-32948AA101C3}.Debug|Any CPU.ActiveCfg = Debug|Any CPU
		{73880F3B-1BE4-40A9-9451-32948AA101C3}.Debug|Any CPU.Build.0 = Debug|Any CPU
		{73880F3B-1BE4-40A9-9451-32948AA101C3}.Release|Any CPU.ActiveCfg = Release|Any CPU
		{73880F3B-1BE4-40A9-9451-32948AA101C3}.Release|Any CPU.Build.0 = Release|Any CPU
		{3578BC79-5DAF-4161-9C8E-21C5AE0648F5}.Debug|Any CPU.ActiveCfg = Debug|Any CPU
		{3578BC79-5DAF-4161-9C8E-21C5AE0648F5}.Debug|Any CPU.Build.0 = Debug|Any CPU
		{3578BC79-5DAF-4161-9C8E-21C5AE0648F5}.Release|Any CPU.ActiveCfg = Release|Any CPU
		{3578BC79-5DAF-4161-9C8E-21C5AE0648F5}.Release|Any CPU.Build.0 = Release|Any CPU
	EndGlobalSection
	GlobalSection(SolutionProperties) = preSolution
		HideSolutionNode = FALSE
	EndGlobalSection
	GlobalSection(ExtensibilityGlobals) = postSolution
		SolutionGuid = {1A95033C-93FB-4FDF-81BF-F4F685997D5D}
	EndGlobalSection
EndGlobal
